{
    "_meta": {
        "hash": {
            "sha256": "ac7f481b55aa6e1cdc398695bf10e4093dde9103925112f9acd86e5a14fd793f"
        },
        "pipfile-spec": 6,
        "requires": {
            "python_full_version": "3.10.6",
            "python_version": "3.10"
        },
        "sources": [
            {
                "name": "pypi",
                "url": "https://pypi.org/simple",
                "verify_ssl": true
            }
        ]
    },
    "default": {
        "pytube": {
            "hashes": [
                "sha256:6de1f3a4cb125dd6ff912598c7e88a866325a63cc91755cae616f53c40ae5503",
                "sha256:c2e4b1ffdf9eca4c287f881557a6b4f98dd287ecfa06e2e5d5936d39c5f4d8da"
            ],
            "index": "pypi",
            "version": "==12.1.0"
        }
    },
    "develop": {}
}
